// !$*UTF8*$!
{
	archiveVersion = 1;
	classes = {
	};
	objectVersion = 50;
	objects = {

/* Begin PBXBuildFile section */
		74CCA152219C687B00381901 /* AppDelegate.swift in Sources */ = {isa = PBXBuildFile; fileRef = 74CCA151219C687B00381901 /* AppDelegate.swift */; };
		74CCA154219C687B00381901 /* MasterViewController.swift in Sources */ = {isa = PBXBuildFile; fileRef = 74CCA153219C687B00381901 /* MasterViewController.swift */; };
		74CCA156219C687B00381901 /* DetailViewController.swift in Sources */ = {isa = PBXBuildFile; fileRef = 74CCA155219C687B00381901 /* DetailViewController.swift */; };
		74CCA159219C687B00381901 /* Main.storyboard in Resources */ = {isa = PBXBuildFile; fileRef = 74CCA157219C687B00381901 /* Main.storyboard */; };
		74CCA15B219C687E00381901 /* Assets.xcassets in Resources */ = {isa = PBXBuildFile; fileRef = 74CCA15A219C687E00381901 /* Assets.xcassets */; };
		74CCA15E219C687E00381901 /* LaunchScreen.storyboard in Resources */ = {isa = PBXBuildFile; fileRef = 74CCA15C219C687E00381901 /* LaunchScreen.storyboard */; };
		74CCA169219C687E00381901 /* ScoreKeeperTests.swift in Sources */ = {isa = PBXBuildFile; fileRef = 74CCA168219C687E00381901 /* ScoreKeeperTests.swift */; };
		74CCA174219C687E00381901 /* ScoreKeeperUITests.swift in Sources */ = {isa = PBXBuildFile; fileRef = 74CCA173219C687E00381901 /* ScoreKeeperUITests.swift */; };
/* End PBXBuildFile section */

/* Begin PBXContainerItemProxy section */
		74CCA165219C687E00381901 /* PBXContainerItemProxy */ = {
			isa = PBXContainerItemProxy;
			containerPortal = 74CCA146219C687B00381901 /* Project object */;
			proxyType = 1;
			remoteGlobalIDString = 74CCA14D219C687B00381901;
			remoteInfo = ScoreKeeper;
		};
		74CCA170219C687E00381901 /* PBXContainerItemProxy */ = {
			isa = PBXContainerItemProxy;
			containerPortal = 74CCA146219C687B00381901 /* Project object */;
			proxyType = 1;
			remoteGlobalIDString = 74CCA14D219C687B00381901;
			remoteInfo = ScoreKeeper;
		};
/* End PBXContainerItemProxy section */

/* Begin PBXFileReference section */
		74CCA14E219C687B00381901 /* ScoreKeeper.app */ = {isa = PBXFileReference; explicitFileType = wrapper.application; includeInIndex = 0; path = ScoreKeeper.app; sourceTree = BUILT_PRODUCTS_DIR; };
		74CCA151219C687B00381901 /* AppDelegate.swift */ = {isa = PBXFileReference; lastKnownFileType = sourcecode.swift; path = AppDelegate.swift; sourceTree = "<group>"; };
		74CCA153219C687B00381901 /* MasterViewController.swift */ = {isa = PBXFileReference; lastKnownFileType = sourcecode.swift; path = MasterViewController.swift; sourceTree = "<group>"; };
		74CCA155219C687B00381901 /* DetailViewController.swift */ = {isa = PBXFileReference; lastKnownFileType = sourcecode.swift; path = DetailViewController.swift; sourceTree = "<group>"; };
		74CCA158219C687B00381901 /* Base */ = {isa = PBXFileReference; lastKnownFileType = file.storyboard; name = Base; path = Base.lproj/Main.storyboard; sourceTree = "<group>"; };
		74CCA15A219C687E00381901 /* Assets.xcassets */ = {isa = PBXFileReference; lastKnownFileType = folder.assetcatalog; path = Assets.xcassets; sourceTree = "<group>"; };
		74CCA15D219C687E00381901 /* Base */ = {isa = PBXFileReference; lastKnownFileType = file.storyboard; name = Base; path = Base.lproj/LaunchScreen.storyboard; sourceTree = "<group>"; };
		74CCA15F219C687E00381901 /* Info.plist */ = {isa = PBXFileReference; lastKnownFileType = text.plist.xml; path = Info.plist; sourceTree = "<group>"; };
		74CCA164219C687E00381901 /* ScoreKeeperTests.xctest */ = {isa = PBXFileReference; explicitFileType = wrapper.cfbundle; includeInIndex = 0; path = ScoreKeeperTests.xctest; sourceTree = BUILT_PRODUCTS_DIR; };
		74CCA168219C687E00381901 /* ScoreKeeperTests.swift */ = {isa = PBXFileReference; lastKnownFileType = sourcecode.swift; path = ScoreKeeperTests.swift; sourceTree = "<group>"; };
		74CCA16A219C687E00381901 /* Info.plist */ = {isa = PBXFileReference; lastKnownFileType = text.plist.xml; path = Info.plist; sourceTree = "<group>"; };
		74CCA16F219C687E00381901 /* ScoreKeeperUITests.xctest */ = {isa = PBXFileReference; explicitFileType = wrapper.cfbundle; includeInIndex = 0; path = ScoreKeeperUITests.xctest; sourceTree = BUILT_PRODUCTS_DIR; };
		74CCA173219C687E00381901 /* ScoreKeeperUITests.swift */ = {isa = PBXFileReference; lastKnownFileType = sourcecode.swift; path = ScoreKeeperUITests.swift; sourceTree = "<group>"; };
		74CCA175219C687E00381901 /* Info.plist */ = {isa = PBXFileReference; lastKnownFileType = text.plist.xml; path = Info.plist; sourceTree = "<group>"; };
/* End PBXFileReference section */

/* Begin PBXFrameworksBuildPhase section */
		74CCA14B219C687B00381901 /* Frameworks */ = {
			isa = PBXFrameworksBuildPhase;
			buildActionMask = 2147483647;
			files = (
			);
			runOnlyForDeploymentPostprocessing = 0;
		};
		74CCA161219C687E00381901 /* Frameworks */ = {
			isa = PBXFrameworksBuildPhase;
			buildActionMask = 2147483647;
			files = (
			);
			runOnlyForDeploymentPostprocessing = 0;
		};
		74CCA16C219C687E00381901 /* Frameworks */ = {
			isa = PBXFrameworksBuildPhase;
			buildActionMask = 2147483647;
			files = (
			);
			runOnlyForDeploymentPostprocessing = 0;
		};
/* End PBXFrameworksBuildPhase section */

/* Begin PBXGroup section */
		74CCA145219C687B00381901 = {
			isa = PBXGroup;
			children = (
				74CCA150219C687B00381901 /* ScoreKeeper */,
				74CCA167219C687E00381901 /* ScoreKeeperTests */,
				74CCA172219C687E00381901 /* ScoreKeeperUITests */,
				74CCA14F219C687B00381901 /* Products */,
			);
			sourceTree = "<group>";
		};
		74CCA14F219C687B00381901 /* Products */ = {
			isa = PBXGroup;
			children = (
				74CCA14E219C687B00381901 /* ScoreKeeper.app */,
				74CCA164219C687E00381901 /* ScoreKeeperTests.xctest */,
				74CCA16F219C687E00381901 /* ScoreKeeperUITests.xctest */,
			);
			name = Products;
			sourceTree = "<group>";
		};
		74CCA150219C687B00381901 /* ScoreKeeper */ = {
			isa = PBXGroup;
			children = (
				74CCA151219C687B00381901 /* AppDelegate.swift */,
				74CCA153219C687B00381901 /* MasterViewController.swift */,
				74CCA155219C687B00381901 /* DetailViewController.swift */,
				74CCA157219C687B00381901 /* Main.storyboard */,
				74CCA15A219C687E00381901 /* Assets.xcassets */,
				74CCA15C219C687E00381901 /* LaunchScreen.storyboard */,
				74CCA15F219C687E00381901 /* Info.plist */,
			);
			path = ScoreKeeper;
			sourceTree = "<group>";
		};
		74CCA167219C687E00381901 /* ScoreKeeperTests */ = {
			isa = PBXGroup;
			children = (
				74CCA168219C687E00381901 /* ScoreKeeperTests.swift */,
				74CCA16A219C687E00381901 /* Info.plist */,
			);
			path = ScoreKeeperTests;
			sourceTree = "<group>";
		};
		74CCA172219C687E00381901 /* ScoreKeeperUITests */ = {
			isa = PBXGroup;
			children = (
				74CCA173219C687E00381901 /* ScoreKeeperUITests.swift */,
				74CCA175219C687E00381901 /* Info.plist */,
			);
			path = ScoreKeeperUITests;
			sourceTree = "<group>";
		};
/* End PBXGroup section */

/* Begin PBXNativeTarget section */
		74CCA14D219C687B00381901 /* ScoreKeeper */ = {
			isa = PBXNativeTarget;
			buildConfigurationList = 74CCA178219C687E00381901 /* Build configuration list for PBXNativeTarget "ScoreKeeper" */;
			buildPhases = (
				74CCA14A219C687B00381901 /* Sources */,
				74CCA14B219C687B00381901 /* Frameworks */,
				74CCA14C219C687B00381901 /* Resources */,
			);
			buildRules = (
			);
			dependencies = (
			);
			name = ScoreKeeper;
			productName = ScoreKeeper;
			productReference = 74CCA14E219C687B00381901 /* ScoreKeeper.app */;
			productType = "com.apple.product-type.application";
		};
		74CCA163219C687E00381901 /* ScoreKeeperTests */ = {
			isa = PBXNativeTarget;
			buildConfigurationList = 74CCA17B219C687E00381901 /* Build configuration list for PBXNativeTarget "ScoreKeeperTests" */;
			buildPhases = (
				74CCA160219C687E00381901 /* Sources */,
				74CCA161219C687E00381901 /* Frameworks */,
				74CCA162219C687E00381901 /* Resources */,
			);
			buildRules = (
			);
			dependencies = (
				74CCA166219C687E00381901 /* PBXTargetDependency */,
			);
			name = ScoreKeeperTests;
			productName = ScoreKeeperTests;
			productReference = 74CCA164219C687E00381901 /* ScoreKeeperTests.xctest */;
			productType = "com.apple.product-type.bundle.unit-test";
		};
		74CCA16E219C687E00381901 /* ScoreKeeperUITests */ = {
			isa = PBXNativeTarget;
			buildConfigurationList = 74CCA17E219C687E00381901 /* Build configuration list for PBXNativeTarget "ScoreKeeperUITests" */;
			buildPhases = (
				74CCA16B219C687E00381901 /* Sources */,
				74CCA16C219C687E00381901 /* Frameworks */,
				74CCA16D219C687E00381901 /* Resources */,
			);
			buildRules = (
			);
			dependencies = (
				74CCA171219C687E00381901 /* PBXTargetDependency */,
			);
			name = ScoreKeeperUITests;
			productName = ScoreKeeperUITests;
			productReference = 74CCA16F219C687E00381901 /* ScoreKeeperUITests.xctest */;
			productType = "com.apple.product-type.bundle.ui-testing";
		};
/* End PBXNativeTarget section */

/* Begin PBXProject section */
		74CCA146219C687B00381901 /* Project object */ = {
			isa = PBXProject;
			attributes = {
				LastSwiftUpdateCheck = 1010;
				LastUpgradeCheck = 1010;
				ORGANIZATIONNAME = "Gabriel Blaine Palmer";
				TargetAttributes = {
					74CCA14D219C687B00381901 = {
						CreatedOnToolsVersion = 10.1;
					};
					74CCA163219C687E00381901 = {
						CreatedOnToolsVersion = 10.1;
						TestTargetID = 74CCA14D219C687B00381901;
					};
					74CCA16E219C687E00381901 = {
						CreatedOnToolsVersion = 10.1;
						TestTargetID = 74CCA14D219C687B00381901;
					};
				};
			};
			buildConfigurationList = 74CCA149219C687B00381901 /* Build configuration list for PBXProject "ScoreKeeper" */;
			compatibilityVersion = "Xcode 9.3";
			developmentRegion = en;
			hasScannedForEncodings = 0;
			knownRegions = (
				en,
				Base,
			);
			mainGroup = 74CCA145219C687B00381901;
			productRefGroup = 74CCA14F219C687B00381901 /* Products */;
			projectDirPath = "";
			projectRoot = "";
			targets = (
				74CCA14D219C687B00381901 /* ScoreKeeper */,
				74CCA163219C687E00381901 /* ScoreKeeperTests */,
				74CCA16E219C687E00381901 /* ScoreKeeperUITests */,
			);
		};
/* End PBXProject section */

/* Begin PBXResourcesBuildPhase section */
		74CCA14C219C687B00381901 /* Resources */ = {
			isa = PBXResourcesBuildPhase;
			buildActionMask = 2147483647;
			files = (
				74CCA15E219C687E00381901 /* LaunchScreen.storyboard in Resources */,
				74CCA15B219C687E00381901 /* Assets.xcassets in Resources */,
				74CCA159219C687B00381901 /* Main.storyboard in Resources */,
			);
			runOnlyForDeploymentPostprocessing = 0;
		};
		74CCA162219C687E00381901 /* Resources */ = {
			isa = PBXResourcesBuildPhase;
			buildActionMask = 2147483647;
			files = (
			);
			runOnlyForDeploymentPostprocessing = 0;
		};
		74CCA16D219C687E00381901 /* Resources */ = {
			isa = PBXResourcesBuildPhase;
			buildActionMask = 2147483647;
			files = (
			);
			runOnlyForDeploymentPostprocessing = 0;
		};
/* End PBXResourcesBuildPhase section */

/* Begin PBXSourcesBuildPhase section */
		74CCA14A219C687B00381901 /* Sources */ = {
			isa = PBXSourcesBuildPhase;
			buildActionMask = 2147483647;
			files = (
				74CCA156219C687B00381901 /* DetailViewController.swift in Sources */,
				74CCA154219C687B00381901 /* MasterViewController.swift in Sources */,
				74CCA152219C687B00381901 /* AppDelegate.swift in Sources */,
			);
			runOnlyForDeploymentPostprocessing = 0;
		};
		74CCA160219C687E00381901 /* Sources */ = {
			isa = PBXSourcesBuildPhase;
			buildActionMask = 2147483647;
			files = (
				74CCA169219C687E00381901 /* ScoreKeeperTests.swift in Sources */,
			);
			runOnlyForDeploymentPostprocessing = 0;
		};
		74CCA16B219C687E00381901 /* Sources */ = {
			isa = PBXSourcesBuildPhase;
			buildActionMask = 2147483647;
			files = (
				74CCA174219C687E00381901 /* ScoreKeeperUITests.swift in Sources */,
			);
			runOnlyForDeploymentPostprocessing = 0;
		};
/* End PBXSourcesBuildPhase section */

/* Begin PBXTargetDependency section */
		74CCA166219C687E00381901 /* PBXTargetDependency */ = {
			isa = PBXTargetDependency;
			target = 74CCA14D219C687B00381901 /* ScoreKeeper */;
			targetProxy = 74CCA165219C687E00381901 /* PBXContainerItemProxy */;
		};
		74CCA171219C687E00381901 /* PBXTargetDependency */ = {
			isa = PBXTargetDependency;
			target = 74CCA14D219C687B00381901 /* ScoreKeeper */;
			targetProxy = 74CCA170219C687E00381901 /* PBXContainerItemProxy */;
		};
/* End PBXTargetDependency section */

/* Begin PBXVariantGroup section */
		74CCA157219C687B00381901 /* Main.storyboard */ = {
			isa = PBXVariantGroup;
			children = (
				74CCA158219C687B00381901 /* Base */,
			);
			name = Main.storyboard;
			sourceTree = "<group>";
		};
		74CCA15C219C687E00381901 /* LaunchScreen.storyboard */ = {
			isa = PBXVariantGroup;
			children = (
				74CCA15D219C687E00381901 /* Base */,
			);
			name = LaunchScreen.storyboard;
			sourceTree = "<group>";
		};
/* End PBXVariantGroup section */

/* Begin XCBuildConfiguration section */
		74CCA176219C687E00381901 /* Debug */ = {
			isa = XCBuildConfiguration;
			buildSettings = {
				ALWAYS_SEARCH_USER_PATHS = NO;
				CLANG_ANALYZER_NONNULL = YES;
				CLANG_ANALYZER_NUMBER_OBJECT_CONVERSION = YES_AGGRESSIVE;
				CLANG_CXX_LANGUAGE_STANDARD = "gnu++14";
				CLANG_CXX_LIBRARY = "libc++";
				CLANG_ENABLE_MODULES = YES;
				CLANG_ENABLE_OBJC_ARC = YES;
				CLANG_ENABLE_OBJC_WEAK = YES;
				CLANG_WARN_BLOCK_CAPTURE_AUTORELEASING = YES;
				CLANG_WARN_BOOL_CONVERSION = YES;
				CLANG_WARN_COMMA = YES;
				CLANG_WARN_CONSTANT_CONVERSION = YES;
				CLANG_WARN_DEPRECATED_OBJC_IMPLEMENTATIONS = YES;
				CLANG_WARN_DIRECT_OBJC_ISA_USAGE = YES_ERROR;
				CLANG_WARN_DOCUMENTATION_COMMENTS = YES;
				CLANG_WARN_EMPTY_BODY = YES;
				CLANG_WARN_ENUM_CONVERSION = YES;
				CLANG_WARN_INFINITE_RECURSION = YES;
				CLANG_WARN_INT_CONVERSION = YES;
				CLANG_WARN_NON_LITERAL_NULL_CONVERSION = YES;
				CLANG_WARN_OBJC_IMPLICIT_RETAIN_SELF = YES;
				CLANG_WARN_OBJC_LITERAL_CONVERSION = YES;
				CLANG_WARN_OBJC_ROOT_CLASS = YES_ERROR;
				CLANG_WARN_RANGE_LOOP_ANALYSIS = YES;
				CLANG_WARN_STRICT_PROTOTYPES = YES;
				CLANG_WARN_SUSPICIOUS_MOVE = YES;
				CLANG_WARN_UNGUARDED_AVAILABILITY = YES_AGGRESSIVE;
				CLANG_WARN_UNREACHABLE_CODE = YES;
				CLANG_WARN__DUPLICATE_METHOD_MATCH = YES;
				CODE_SIGN_IDENTITY = "iPhone Developer";
				COPY_PHASE_STRIP = NO;
				DEBUG_INFORMATION_FORMAT = dwarf;
				ENABLE_STRICT_OBJC_MSGSEND = YES;
				ENABLE_TESTABILITY = YES;
				GCC_C_LANGUAGE_STANDARD = gnu11;
				GCC_DYNAMIC_NO_PIC = NO;
				GCC_NO_COMMON_BLOCKS = YES;
				GCC_OPTIMIZATION_LEVEL = 0;
				GCC_PREPROCESSOR_DEFINITIONS = (
					"DEBUG=1",
					"$(inherited)",
				);
				GCC_WARN_64_TO_32_BIT_CONVERSION = YES;
				GCC_WARN_ABOUT_RETURN_TYPE = YES_ERROR;
				GCC_WARN_UNDECLARED_SELECTOR = YES;
				GCC_WARN_UNINITIALIZED_AUTOS = YES_AGGRESSIVE;
				GCC_WARN_UNUSED_FUNCTION = YES;
				GCC_WARN_UNUSED_VARIABLE = YES;
				IPHONEOS_DEPLOYMENT_TARGET = 12.1;
				MTL_ENABLE_DEBUG_INFO = INCLUDE_SOURCE;
				MTL_FAST_MATH = YES;
				ONLY_ACTIVE_ARCH = YES;
				SDKROOT = iphoneos;
				SWIFT_ACTIVE_COMPILATION_CONDITIONS = DEBUG;
				SWIFT_OPTIMIZATION_LEVEL = "-Onone";
			};
			name = Debug;
		};
		74CCA177219C687E00381901 /* Release */ = {
			isa = XCBuildConfiguration;
			buildSettings = {
				ALWAYS_SEARCH_USER_PATHS = NO;
				CLANG_ANALYZER_NONNULL = YES;
				CLANG_ANALYZER_NUMBER_OBJECT_CONVERSION = YES_AGGRESSIVE;
				CLANG_CXX_LANGUAGE_STANDARD = "gnu++14";
				CLANG_CXX_LIBRARY = "libc++";
				CLANG_ENABLE_MODULES = YES;
				CLANG_ENABLE_OBJC_ARC = YES;
				CLANG_ENABLE_OBJC_WEAK = YES;
				CLANG_WARN_BLOCK_CAPTURE_AUTORELEASING = YES;
				CLANG_WARN_BOOL_CONVERSION = YES;
				CLANG_WARN_COMMA = YES;
				CLANG_WARN_CONSTANT_CONVERSION = YES;
				CLANG_WARN_DEPRECATED_OBJC_IMPLEMENTATIONS = YES;
				CLANG_WARN_DIRECT_OBJC_ISA_USAGE = YES_ERROR;
				CLANG_WARN_DOCUMENTATION_COMMENTS = YES;
				CLANG_WARN_EMPTY_BODY = YES;
				CLANG_WARN_ENUM_CONVERSION = YES;
				CLANG_WARN_INFINITE_RECURSION = YES;
				CLANG_WARN_INT_CONVERSION = YES;
				CLANG_WARN_NON_LITERAL_NULL_CONVERSION = YES;
				CLANG_WARN_OBJC_IMPLICIT_RETAIN_SELF = YES;
				CLANG_WARN_OBJC_LITERAL_CONVERSION = YES;
				CLANG_WARN_OBJC_ROOT_CLASS = YES_ERROR;
				CLANG_WARN_RANGE_LOOP_ANALYSIS = YES;
				CLANG_WARN_STRICT_PROTOTYPES = YES;
				CLANG_WARN_SUSPICIOUS_MOVE = YES;
				CLANG_WARN_UNGUARDED_AVAILABILITY = YES_AGGRESSIVE;
				CLANG_WARN_UNREACHABLE_CODE = YES;
				CLANG_WARN__DUPLICATE_METHOD_MATCH = YES;
				CODE_SIGN_IDENTITY = "iPhone Developer";
				COPY_PHASE_STRIP = NO;
				DEBUG_INFORMATION_FORMAT = "dwarf-with-dsym";
				ENABLE_NS_ASSERTIONS = NO;
				ENABLE_STRICT_OBJC_MSGSEND = YES;
				GCC_C_LANGUAGE_STANDARD = gnu11;
				GCC_NO_COMMON_BLOCKS = YES;
				GCC_WARN_64_TO_32_BIT_CONVERSION = YES;
				GCC_WARN_ABOUT_RETURN_TYPE = YES_ERROR;
				GCC_WARN_UNDECLARED_SELECTOR = YES;
				GCC_WARN_UNINITIALIZED_AUTOS = YES_AGGRESSIVE;
				GCC_WARN_UNUSED_FUNCTION = YES;
				GCC_WARN_UNUSED_VARIABLE = YES;
				IPHONEOS_DEPLOYMENT_TARGET = 12.1;
				MTL_ENABLE_DEBUG_INFO = NO;
				MTL_FAST_MATH = YES;
				SDKROOT = iphoneos;
				SWIFT_COMPILATION_MODE = wholemodule;
				SWIFT_OPTIMIZATION_LEVEL = "-O";
				VALIDATE_PRODUCT = YES;
			};
			name = Release;
		};
		74CCA179219C687E00381901 /* Debug */ = {
			isa = XCBuildConfiguration;
			buildSettings = {
				ASSETCATALOG_COMPILER_APPICON_NAME = AppIcon;
				CODE_SIGN_STYLE = Automatic;
				INFOPLIST_FILE = ScoreKeeper/Info.plist;
				LD_RUNPATH_SEARCH_PATHS = (
					"$(inherited)",
					"@executable_path/Frameworks",
				);
				PRODUCT_BUNDLE_IDENTIFIER = GabrielPalmer.ScoreKeeper;
				PRODUCT_NAME = "$(TARGET_NAME)";
				SWIFT_VERSION = 4.2;
				TARGETED_DEVICE_FAMILY = "1,2";
			};
			name = Debug;
		};
		74CCA17A219C687E00381901 /* Release */ = {
			isa = XCBuildConfiguration;
			buildSettings = {
				ASSETCATALOG_COMPILER_APPICON_NAME = AppIcon;
				CODE_SIGN_STYLE = Automatic;
				INFOPLIST_FILE = ScoreKeeper/Info.plist;
				LD_RUNPATH_SEARCH_PATHS = (
					"$(inherited)",
					"@executable_path/Frameworks",
				);
				PRODUCT_BUNDLE_IDENTIFIER = GabrielPalmer.ScoreKeeper;
				PRODUCT_NAME = "$(TARGET_NAME)";
				SWIFT_VERSION = 4.2;
				TARGETED_DEVICE_FAMILY = "1,2";
			};
			name = Release;
		};
		74CCA17C219C687E00381901 /* Debug */ = {
			isa = XCBuildConfiguration;
			buildSettings = {
				ALWAYS_EMBED_SWIFT_STANDARD_LIBRARIES = YES;
				BUNDLE_LOADER = "$(TEST_HOST)";
				CODE_SIGN_STYLE = Automatic;
				INFOPLIST_FILE = ScoreKeeperTests/Info.plist;
				LD_RUNPATH_SEARCH_PATHS = (
					"$(inherited)",
					"@executable_path/Frameworks",
					"@loader_path/Frameworks",
				);
				PRODUCT_BUNDLE_IDENTIFIER = GabrielPalmer.ScoreKeeperTests;
				PRODUCT_NAME = "$(TARGET_NAME)";
				SWIFT_VERSION = 4.2;
				TARGETED_DEVICE_FAMILY = "1,2";
				TEST_HOST = "$(BUILT_PRODUCTS_DIR)/ScoreKeeper.app/ScoreKeeper";
			};
			name = Debug;
		};
		74CCA17D219C687E00381901 /* Release */ = {
			isa = XCBuildConfiguration;
			buildSettings = {
				ALWAYS_EMBED_SWIFT_STANDARD_LIBRARIES = YES;
				BUNDLE_LOADER = "$(TEST_HOST)";
				CODE_SIGN_STYLE = Automatic;
				INFOPLIST_FILE = ScoreKeeperTests/Info.plist;
				LD_RUNPATH_SEARCH_PATHS = (
					"$(inherited)",
					"@executable_path/Frameworks",
					"@loader_path/Frameworks",
				);
				PRODUCT_BUNDLE_IDENTIFIER = GabrielPalmer.ScoreKeeperTests;
				PRODUCT_NAME = "$(TARGET_NAME)";
				SWIFT_VERSION = 4.2;
				TARGETED_DEVICE_FAMILY = "1,2";
				TEST_HOST = "$(BUILT_PRODUCTS_DIR)/ScoreKeeper.app/ScoreKeeper";
			};
			name = Release;
		};
		74CCA17F219C687E00381901 /* Debug */ = {
			isa = XCBuildConfiguration;
			buildSettings = {
				ALWAYS_EMBED_SWIFT_STANDARD_LIBRARIES = YES;
				CODE_SIGN_STYLE = Automatic;
				INFOPLIST_FILE = ScoreKeeperUITests/Info.plist;
				LD_RUNPATH_SEARCH_PATHS = (
					"$(inherited)",
					"@executable_path/Frameworks",
					"@loader_path/Frameworks",
				);
				PRODUCT_BUNDLE_IDENTIFIER = GabrielPalmer.ScoreKeeperUITests;
				PRODUCT_NAME = "$(TARGET_NAME)";
				SWIFT_VERSION = 4.2;
				TARGETED_DEVICE_FAMILY = "1,2";
				TEST_TARGET_NAME = ScoreKeeper;
			};
			name = Debug;
		};
		74CCA180219C687E00381901 /* Release */ = {
			isa = XCBuildConfiguration;
			buildSettings = {
				ALWAYS_EMBED_SWIFT_STANDARD_LIBRARIES = YES;
				CODE_SIGN_STYLE = Automatic;
				INFOPLIST_FILE = ScoreKeeperUITests/Info.plist;
				LD_RUNPATH_SEARCH_PATHS = (
					"$(inherited)",
					"@executable_path/Frameworks",
					"@loader_path/Frameworks",
				);
				PRODUCT_BUNDLE_IDENTIFIER = GabrielPalmer.ScoreKeeperUITests;
				PRODUCT_NAME = "$(TARGET_NAME)";
				SWIFT_VERSION = 4.2;
				TARGETED_DEVICE_FAMILY = "1,2";
				TEST_TARGET_NAME = ScoreKeeper;
			};
			name = Release;
		};
/* End XCBuildConfiguration section */

/* Begin XCConfigurationList section */
		74CCA149219C687B00381901 /* Build configuration list for PBXProject "ScoreKeeper" */ = {
			isa = XCConfigurationList;
			buildConfigurations = (
				74CCA176219C687E00381901 /* Debug */,
				74CCA177219C687E00381901 /* Release */,
			);
			defaultConfigurationIsVisible = 0;
			defaultConfigurationName = Release;
		};
		74CCA178219C687E00381901 /* Build configuration list for PBXNativeTarget "ScoreKeeper" */ = {
			isa = XCConfigurationList;
			buildConfigurations = (
				74CCA179219C687E00381901 /* Debug */,
				74CCA17A219C687E00381901 /* Release */,
			);
			defaultConfigurationIsVisible = 0;
			defaultConfigurationName = Release;
		};
		74CCA17B219C687E00381901 /* Build configuration list for PBXNativeTarget "ScoreKeeperTests" */ = {
			isa = XCConfigurationList;
			buildConfigurations = (
				74CCA17C219C687E00381901 /* Debug */,
				74CCA17D219C687E00381901 /* Release */,
			);
			defaultConfigurationIsVisible = 0;
			defaultConfigurationName = Release;
		};
		74CCA17E219C687E00381901 /* Build configuration list for PBXNativeTarget "ScoreKeeperUITests" */ = {
			isa = XCConfigurationList;
			buildConfigurations = (
				74CCA17F219C687E00381901 /* Debug */,
				74CCA180219C687E00381901 /* Release */,
			);
			defaultConfigurationIsVisible = 0;
			defaultConfigurationName = Release;
		};
/* End XCConfigurationList section */
	};
	rootObject = 74CCA146219C687B00381901 /* Project object */;
}
